
Microsoft Visual Studio Solution File, Format Version 12.00
# Visual Studio 2012
Project("{E24C65DC-7377-472B-9ABA-BC803B73C61A}") = "new admin", "E:\后台管理系统\new admin\", "{1BCB0A6C-FB63-48C4-A403-C0CE07585B90}"
	ProjectSection(WebsiteProperties) = preProject
		TargetFrameworkMoniker = ".NETFramework,Version%3Dv4.0"
		Debug.AspNetCompiler.VirtualPath = "/new admin"
		Debug.AspNetCompiler.PhysicalPath = "..\new admin\"
		Debug.AspNetCompiler.TargetPath = "PrecompiledWeb\new admin\"
		Debug.AspNetCompiler.Updateable = "true"
		Debug.AspNetCompiler.ForceOverwrite = "true"
		Debug.AspNetCompiler.FixedNames = "false"
		Debug.AspNetCompiler.Debug = "True"
		Release.AspNetCompiler.VirtualPath = "/new admin"
		Release.AspNetCompiler.PhysicalPath = "..\new admin\"
		Release.AspNetCompiler.TargetPath = "PrecompiledWeb\new admin\"
		Release.AspNetCompiler.Updateable = "true"
		Release.AspNetCompiler.ForceOverwrite = "true"
		Release.AspNetCompiler.FixedNames = "false"
		Release.AspNetCompiler.Debug = "False"
		VWDPort = "1488"
	EndProjectSection
EndProject
Global
	GlobalSection(SolutionConfigurationPlatforms) = preSolution
		Debug|Any CPU = Debug|Any CPU
	EndGlobalSection
	GlobalSection(ProjectConfigurationPlatforms) = postSolution
		{1BCB0A6C-FB63-48C4-A403-C0CE07585B90}.Debug|Any CPU.ActiveCfg = Debug|Any CPU
		{1BCB0A6C-FB63-48C4-A403-C0CE07585B90}.Debug|Any CPU.Build.0 = Debug|Any CPU
	EndGlobalSection
	GlobalSection(SolutionProperties) = preSolution
		HideSolutionNode = FALSE
	EndGlobalSection
EndGlobal
